
Microsoft Visual Studio Solution File, Format Version 12.00
# Visual Studio Version 17
VisualStudioVersion = 17.11.35327.3
MinimumVisualStudioVersion = 10.0.40219.1
Project("{9A19103F-16F7-4668-BE54-9A1E7A4F7556}") = "ArchipelagoDebugClient", "ArchipelagoDebugClient\ArchipelagoDebugClient.csproj", "{425510F1-C9BD-49B6-A379-929D4EF532AD}"
EndProject
Project("{9A19103F-16F7-4668-BE54-9A1E7A4F7556}") = "ArchipelagoDebugClient.Desktop", "ArchipelagoDebugClient.Desktop\ArchipelagoDebugClient.Desktop.csproj", "{0E0E2D7E-5AD7-40F9-9BDF-B5B2633A98EF}"
EndProject
Global
	GlobalSection(SolutionConfigurationPlatforms) = preSolution
		Debug|Any CPU = Debug|Any CPU
		Release|Any CPU = Release|Any CPU
	EndGlobalSection
	GlobalSection(ProjectConfigurationPlatforms) = postSolution
		{425510F1-C9BD-49B6-A379-929D4EF532AD}.Debug|Any CPU.ActiveCfg = Debug|Any CPU
		{425510F1-C9BD-49B6-A379-929D4EF532AD}.Debug|Any CPU.Build.0 = Debug|Any CPU
		{425510F1-C9BD-49B6-A379-929D4EF532AD}.Release|Any CPU.ActiveCfg = Release|Any CPU
		{425510F1-C9BD-49B6-A379-929D4EF532AD}.Release|Any CPU.Build.0 = Release|Any CPU
		{0E0E2D7E-5AD7-40F9-9BDF-B5B2633A98EF}.Debug|Any CPU.ActiveCfg = Debug|Any CPU
		{0E0E2D7E-5AD7-40F9-9BDF-B5B2633A98EF}.Debug|Any CPU.Build.0 = Debug|Any CPU
		{0E0E2D7E-5AD7-40F9-9BDF-B5B2633A98EF}.Release|Any CPU.ActiveCfg = Release|Any CPU
		{0E0E2D7E-5AD7-40F9-9BDF-B5B2633A98EF}.Release|Any CPU.Build.0 = Release|Any CPU
	EndGlobalSection
	GlobalSection(SolutionProperties) = preSolution
		HideSolutionNode = FALSE
	EndGlobalSection
	GlobalSection(ExtensibilityGlobals) = postSolution
		SolutionGuid = {51B7C7F9-B562-4CDD-BE95-D72102C1D43A}
	EndGlobalSection
EndGlobal
